// !$*UTF8*$!
{
	archiveVersion = 1;
	classes = {
	};
	objectVersion = 46;
	objects = {

/* Begin PBXBuildFile section */
		DB7EE47B1DFEBE5900B5B886 /* main.c in Sources */ = {isa = PBXBuildFile; fileRef = DB7EE47A1DFEBE5900B5B886 /* main.c */; };
		DB7EE4831DFEBE8900B5B886 /* SingleLinkedList.c in Sources */ = {isa = PBXBuildFile; fileRef = DB7EE4821DFEBE8900B5B886 /* SingleLinkedList.c */; };
/* End PBXBuildFile section */

/* Begin PBXCopyFilesBuildPhase section */
		DB7EE4751DFEBE5900B5B886 /* CopyFiles */ = {
			isa = PBXCopyFilesBuildPhase;
			buildActionMask = 2147483647;
			dstPath = /usr/share/man/man1/;
			dstSubfolderSpec = 0;
			files = (
			);
			runOnlyForDeploymentPostprocessing = 1;
		};
/* End PBXCopyFilesBuildPhase section */

/* Begin PBXFileReference section */
		DB7EE4771DFEBE5900B5B886 /* SingleLinkedList */ = {isa = PBXFileReference; explicitFileType = "compiled.mach-o.executable"; includeInIndex = 0; path = SingleLinkedList; sourceTree = BUILT_PRODUCTS_DIR; };
		DB7EE47A1DFEBE5900B5B886 /* main.c */ = {isa = PBXFileReference; lastKnownFileType = sourcecode.c.c; path = main.c; sourceTree = "<group>"; };
		DB7EE4811DFEBE7A00B5B886 /* SingleLinkedList.h */ = {isa = PBXFileReference; fileEncoding = 4; lastKnownFileType = sourcecode.c.h; path = SingleLinkedList.h; sourceTree = "<group>"; };
		DB7EE4821DFEBE8900B5B886 /* SingleLinkedList.c */ = {isa = PBXFileReference; fileEncoding = 4; lastKnownFileType = sourcecode.c.c; path = SingleLinkedList.c; sourceTree = "<group>"; };
/* End PBXFileReference section */

/* Begin PBXFrameworksBuildPhase section */
		DB7EE4741DFEBE5900B5B886 /* Frameworks */ = {
			isa = PBXFrameworksBuildPhase;
			buildActionMask = 2147483647;
			files = (
			);
			runOnlyForDeploymentPostprocessing = 0;
		};
/* End PBXFrameworksBuildPhase section */

/* Begin PBXGroup section */
		DB7EE46E1DFEBE5900B5B886 = {
			isa = PBXGroup;
			children = (
				DB7EE4791DFEBE5900B5B886 /* SingleLinkedList */,
				DB7EE4781DFEBE5900B5B886 /* Products */,
			);
			sourceTree = "<group>";
		};
		DB7EE4781DFEBE5900B5B886 /* Products */ = {
			isa = PBXGroup;
			children = (
				DB7EE4771DFEBE5900B5B886 /* SingleLinkedList */,
			);
			name = Products;
			sourceTree = "<group>";
		};
		DB7EE4791DFEBE5900B5B886 /* SingleLinkedList */ = {
			isa = PBXGroup;
			children = (
				DB7EE47A1DFEBE5900B5B886 /* main.c */,
				DB7EE4811DFEBE7A00B5B886 /* SingleLinkedList.h */,
				DB7EE4821DFEBE8900B5B886 /* SingleLinkedList.c */,
			);
			path = SingleLinkedList;
			sourceTree = "<group>";
		};
/* End PBXGroup section */

/* Begin PBXNativeTarget section */
		DB7EE4761DFEBE5900B5B886 /* SingleLinkedList */ = {
			isa = PBXNativeTarget;
			buildConfigurationList = DB7EE47E1DFEBE5900B5B886 /* Build configuration list for PBXNativeTarget "SingleLinkedList" */;
			buildPhases = (
				DB7EE4731DFEBE5900B5B886 /* Sources */,
				DB7EE4741DFEBE5900B5B886 /* Frameworks */,
				DB7EE4751DFEBE5900B5B886 /* CopyFiles */,
			);
			buildRules = (
			);
			dependencies = (
			);
			name = SingleLinkedList;
			productName = SingleLinkedList;
			productReference = DB7EE4771DFEBE5900B5B886 /* SingleLinkedList */;
			productType = "com.apple.product-type.tool";
		};
/* End PBXNativeTarget section */

/* Begin PBXProject section */
		DB7EE46F1DFEBE5900B5B886 /* Project object */ = {
			isa = PBXProject;
			attributes = {
				LastUpgradeCheck = 0810;
				ORGANIZATIONNAME = zhangwen;
				TargetAttributes = {
					DB7EE4761DFEBE5900B5B886 = {
						CreatedOnToolsVersion = 8.1;
						DevelopmentTeam = 4EA427W6H8;
						ProvisioningStyle = Automatic;
					};
				};
			};
			buildConfigurationList = DB7EE4721DFEBE5900B5B886 /* Build configuration list for PBXProject "SingleLinkedList" */;
			compatibilityVersion = "Xcode 3.2";
			developmentRegion = English;
			hasScannedForEncodings = 0;
			knownRegions = (
				en,
			);
			mainGroup = DB7EE46E1DFEBE5900B5B886;
			productRefGroup = DB7EE4781DFEBE5900B5B886 /* Products */;
			projectDirPath = "";
			projectRoot = "";
			targets = (
				DB7EE4761DFEBE5900B5B886 /* SingleLinkedList */,
			);
		};
/* End PBXProject section */

/* Begin PBXSourcesBuildPhase section */
		DB7EE4731DFEBE5900B5B886 /* Sources */ = {
			isa = PBXSourcesBuildPhase;
			buildActionMask = 2147483647;
			files = (
				DB7EE4831DFEBE8900B5B886 /* SingleLinkedList.c in Sources */,
				DB7EE47B1DFEBE5900B5B886 /* main.c in Sources */,
			);
			runOnlyForDeploymentPostprocessing = 0;
		};
/* End PBXSourcesBuildPhase section */

/* Begin XCBuildConfiguration section */
		DB7EE47C1DFEBE5900B5B886 /* Debug */ = {
			isa = XCBuildConfiguration;
			buildSettings = {
				ALWAYS_SEARCH_USER_PATHS = NO;
				CLANG_ANALYZER_NONNULL = YES;
				CLANG_CXX_LANGUAGE_STANDARD = "gnu++0x";
				CLANG_CXX_LIBRARY = "libc++";
				CLANG_ENABLE_MODULES = YES;
				CLANG_ENABLE_OBJC_ARC = YES;
				CLANG_WARN_BOOL_CONVERSION = YES;
				CLANG_WARN_CONSTANT_CONVERSION = YES;
				CLANG_WARN_DIRECT_OBJC_ISA_USAGE = YES_ERROR;
				CLANG_WARN_DOCUMENTATION_COMMENTS = YES;
				CLANG_WARN_EMPTY_BODY = YES;
				CLANG_WARN_ENUM_CONVERSION = YES;
				CLANG_WARN_INFINITE_RECURSION = YES;
				CLANG_WARN_INT_CONVERSION = YES;
				CLANG_WARN_OBJC_ROOT_CLASS = YES_ERROR;
				CLANG_WARN_SUSPICIOUS_MOVES = YES;
				CLANG_WARN_UNREACHABLE_CODE = YES;
				CLANG_WARN__DUPLICATE_METHOD_MATCH = YES;
				CODE_SIGN_IDENTITY = "-";
				COPY_PHASE_STRIP = NO;
				DEBUG_INFORMATION_FORMAT = dwarf;
				ENABLE_STRICT_OBJC_MSGSEND = YES;
				ENABLE_TESTABILITY = YES;
				GCC_C_LANGUAGE_STANDARD = gnu99;
				GCC_DYNAMIC_NO_PIC = NO;
				GCC_NO_COMMON_BLOCKS = YES;
				GCC_OPTIMIZATION_LEVEL = 0;
				GCC_PREPROCESSOR_DEFINITIONS = (
					"DEBUG=1",
					"$(inherited)",
				);
				GCC_WARN_64_TO_32_BIT_CONVERSION = YES;
				GCC_WARN_ABOUT_RETURN_TYPE = YES_ERROR;
				GCC_WARN_UNDECLARED_SELECTOR = YES;
				GCC_WARN_UNINITIALIZED_AUTOS = YES_AGGRESSIVE;
				GCC_WARN_UNUSED_FUNCTION = YES;
				GCC_WARN_UNUSED_VARIABLE = YES;
				MACOSX_DEPLOYMENT_TARGET = 10.12;
				MTL_ENABLE_DEBUG_INFO = YES;
				ONLY_ACTIVE_ARCH = YES;
				SDKROOT = macosx;
			};
			name = Debug;
		};
		DB7EE47D1DFEBE5900B5B886 /* Release */ = {
			isa = XCBuildConfiguration;
			buildSettings = {
				ALWAYS_SEARCH_USER_PATHS = NO;
				CLANG_ANALYZER_NONNULL = YES;
				CLANG_CXX_LANGUAGE_STANDARD = "gnu++0x";
				CLANG_CXX_LIBRARY = "libc++";
				CLANG_ENABLE_MODULES = YES;
				CLANG_ENABLE_OBJC_ARC = YES;
				CLANG_WARN_BOOL_CONVERSION = YES;
				CLANG_WARN_CONSTANT_CONVERSION = YES;
				CLANG_WARN_DIRECT_OBJC_ISA_USAGE = YES_ERROR;
				CLANG_WARN_DOCUMENTATION_COMMENTS = YES;
				CLANG_WARN_EMPTY_BODY = YES;
				CLANG_WARN_ENUM_CONVERSION = YES;
				CLANG_WARN_INFINITE_RECURSION = YES;
				CLANG_WARN_INT_CONVERSION = YES;
				CLANG_WARN_OBJC_ROOT_CLASS = YES_ERROR;
				CLANG_WARN_SUSPICIOUS_MOVES = YES;
				CLANG_WARN_UNREACHABLE_CODE = YES;
				CLANG_WARN__DUPLICATE_METHOD_MATCH = YES;
				CODE_SIGN_IDENTITY = "-";
				COPY_PHASE_STRIP = NO;
				DEBUG_INFORMATION_FORMAT = "dwarf-with-dsym";
				ENABLE_NS_ASSERTIONS = NO;
				ENABLE_STRICT_OBJC_MSGSEND = YES;
				GCC_C_LANGUAGE_STANDARD = gnu99;
				GCC_NO_COMMON_BLOCKS = YES;
				GCC_WARN_64_TO_32_BIT_CONVERSION = YES;
				GCC_WARN_ABOUT_RETURN_TYPE = YES_ERROR;
				GCC_WARN_UNDECLARED_SELECTOR = YES;
				GCC_WARN_UNINITIALIZED_AUTOS = YES_AGGRESSIVE;
				GCC_WARN_UNUSED_FUNCTION = YES;
				GCC_WARN_UNUSED_VARIABLE = YES;
				MACOSX_DEPLOYMENT_TARGET = 10.12;
				MTL_ENABLE_DEBUG_INFO = NO;
				SDKROOT = macosx;
			};
			name = Release;
		};
		DB7EE47F1DFEBE5900B5B886 /* Debug */ = {
			isa = XCBuildConfiguration;
			buildSettings = {
				DEVELOPMENT_TEAM = 4EA427W6H8;
				PRODUCT_NAME = "$(TARGET_NAME)";
			};
			name = Debug;
		};
		DB7EE4801DFEBE5900B5B886 /* Release */ = {
			isa = XCBuildConfiguration;
			buildSettings = {
				DEVELOPMENT_TEAM = 4EA427W6H8;
				PRODUCT_NAME = "$(TARGET_NAME)";
			};
			name = Release;
		};
/* End XCBuildConfiguration section */

/* Begin XCConfigurationList section */
		DB7EE4721DFEBE5900B5B886 /* Build configuration list for PBXProject "SingleLinkedList" */ = {
			isa = XCConfigurationList;
			buildConfigurations = (
				DB7EE47C1DFEBE5900B5B886 /* Debug */,
				DB7EE47D1DFEBE5900B5B886 /* Release */,
			);
			defaultConfigurationIsVisible = 0;
			defaultConfigurationName = Release;
		};
		DB7EE47E1DFEBE5900B5B886 /* Build configuration list for PBXNativeTarget "SingleLinkedList" */ = {
			isa = XCConfigurationList;
			buildConfigurations = (
				DB7EE47F1DFEBE5900B5B886 /* Debug */,
				DB7EE4801DFEBE5900B5B886 /* Release */,
			);
			defaultConfigurationIsVisible = 0;
		};
/* End XCConfigurationList section */
	};
	rootObject = DB7EE46F1DFEBE5900B5B886 /* Project object */;
}
